
Microsoft Visual Studio Solution File, Format Version 12.00
# Visual Studio Version 16
VisualStudioVersion = 16.0.32228.343
MinimumVisualStudioVersion = 10.0.40219.1
Project("{FAE04EC0-301F-11D3-BF4B-00C04F79EFBC}") = "WeatherForecasts1.Core", "WeatherForecasts1.Core\WeatherForecasts1.Core.csproj", "{F88CFEDD-E972-4B72-9D2B-5AA354BDD843}"
EndProject
Project("{FAE04EC0-301F-11D3-BF4B-00C04F79EFBC}") = "WeatherForecasts1.Application", "WeatherForecasts1.Application\WeatherForecasts1.Application.csproj", "{3DDA7A17-DAE7-4E0A-AD8D-BA1CB7EF63F8}"
EndProject
Project("{FAE04EC0-301F-11D3-BF4B-00C04F79EFBC}") = "WeatherForecasts1.Infrastructure", "WeatherForecasts1.Infrastructure\WeatherForecasts1.Infrastructure.csproj", "{593C0E3A-0807-4A12-8272-9856AC9D0ACF}"
EndProject
Project("{FAE04EC0-301F-11D3-BF4B-00C04F79EFBC}") = "WeatherForecasts1.Web", "WeatherForecasts1.Web\WeatherForecasts1.Web.csproj", "{4CAD656B-A7A4-44C8-B0DC-2ED04949013A}"
EndProject
Global
	GlobalSection(SolutionConfigurationPlatforms) = preSolution
		Debug|Any CPU = Debug|Any CPU
		Release|Any CPU = Release|Any CPU
	EndGlobalSection
	GlobalSection(ProjectConfigurationPlatforms) = postSolution
		{F88CFEDD-E972-4B72-9D2B-5AA354BDD843}.Debug|Any CPU.ActiveCfg = Debug|Any CPU
		{F88CFEDD-E972-4B72-9D2B-5AA354BDD843}.Debug|Any CPU.Build.0 = Debug|Any CPU
		{F88CFEDD-E972-4B72-9D2B-5AA354BDD843}.Release|Any CPU.ActiveCfg = Release|Any CPU
		{F88CFEDD-E972-4B72-9D2B-5AA354BDD843}.Release|Any CPU.Build.0 = Release|Any CPU
		{3DDA7A17-DAE7-4E0A-AD8D-BA1CB7EF63F8}.Debug|Any CPU.ActiveCfg = Debug|Any CPU
		{3DDA7A17-DAE7-4E0A-AD8D-BA1CB7EF63F8}.Debug|Any CPU.Build.0 = Debug|Any CPU
		{3DDA7A17-DAE7-4E0A-AD8D-BA1CB7EF63F8}.Release|Any CPU.ActiveCfg = Release|Any CPU
		{3DDA7A17-DAE7-4E0A-AD8D-BA1CB7EF63F8}.Release|Any CPU.Build.0 = Release|Any CPU
		{593C0E3A-0807-4A12-8272-9856AC9D0ACF}.Debug|Any CPU.ActiveCfg = Debug|Any CPU
		{593C0E3A-0807-4A12-8272-9856AC9D0ACF}.Debug|Any CPU.Build.0 = Debug|Any CPU
		{593C0E3A-0807-4A12-8272-9856AC9D0ACF}.Release|Any CPU.ActiveCfg = Release|Any CPU
		{593C0E3A-0807-4A12-8272-9856AC9D0ACF}.Release|Any CPU.Build.0 = Release|Any CPU
		{4CAD656B-A7A4-44C8-B0DC-2ED04949013A}.Debug|Any CPU.ActiveCfg = Debug|Any CPU
		{4CAD656B-A7A4-44C8-B0DC-2ED04949013A}.Debug|Any CPU.Build.0 = Debug|Any CPU
		{4CAD656B-A7A4-44C8-B0DC-2ED04949013A}.Release|Any CPU.ActiveCfg = Release|Any CPU
		{4CAD656B-A7A4-44C8-B0DC-2ED04949013A}.Release|Any CPU.Build.0 = Release|Any CPU
	EndGlobalSection
	GlobalSection(SolutionProperties) = preSolution
		HideSolutionNode = FALSE
	EndGlobalSection
	GlobalSection(ExtensibilityGlobals) = postSolution
		SolutionGuid = {A8F5758D-CAD5-4C92-809E-A869BB74283A}
	EndGlobalSection
EndGlobal
